
Microsoft Visual Studio Solution File, Format Version 12.00
Project("{2150E333-8FDC-42A3-9474-1A3956D46DE8}") = "Schedule", "Schedule", "{C1A78CF8-0507-48EF-BC73-F8A0430F2CCB}"
EndProject
Project("{FAE04EC0-301F-11D3-BF4B-00C04F79EFBC}") = "BusinessLogic", "BusinessLogic\BusinessLogic.csproj", "{35B8D797-A513-4728-B89A-97E8325ADEE9}"
EndProject
Project("{FAE04EC0-301F-11D3-BF4B-00C04F79EFBC}") = "DataAccess", "DataAccess\DataAccess.csproj", "{04794C66-B588-4613-AEC8-7D8B2D8F8AD3}"
EndProject
Project("{2150E333-8FDC-42A3-9474-1A3956D46DE8}") = "UnitTesting", "UnitTesting", "{70141119-94E3-489A-BA83-0A1ECA804F82}"
EndProject
Project("{FAE04EC0-301F-11D3-BF4B-00C04F79EFBC}") = "API", "API\API.csproj", "{274D615C-CBA4-433A-8ACF-BEB7F91C0BFB}"
EndProject
Project("{FAE04EC0-301F-11D3-BF4B-00C04F79EFBC}") = "DataAccessTests", "DataAccessTests\DataAccessTests.csproj", "{16172345-7521-43EF-AC7A-CF97194923F7}"
EndProject
Global
	GlobalSection(SolutionConfigurationPlatforms) = preSolution
		Debug|Any CPU = Debug|Any CPU
		Release|Any CPU = Release|Any CPU
	EndGlobalSection
	GlobalSection(ProjectConfigurationPlatforms) = postSolution
		{35B8D797-A513-4728-B89A-97E8325ADEE9}.Debug|Any CPU.ActiveCfg = Debug|Any CPU
		{35B8D797-A513-4728-B89A-97E8325ADEE9}.Debug|Any CPU.Build.0 = Debug|Any CPU
		{35B8D797-A513-4728-B89A-97E8325ADEE9}.Release|Any CPU.ActiveCfg = Release|Any CPU
		{35B8D797-A513-4728-B89A-97E8325ADEE9}.Release|Any CPU.Build.0 = Release|Any CPU
		{04794C66-B588-4613-AEC8-7D8B2D8F8AD3}.Debug|Any CPU.ActiveCfg = Debug|Any CPU
		{04794C66-B588-4613-AEC8-7D8B2D8F8AD3}.Debug|Any CPU.Build.0 = Debug|Any CPU
		{04794C66-B588-4613-AEC8-7D8B2D8F8AD3}.Release|Any CPU.ActiveCfg = Release|Any CPU
		{04794C66-B588-4613-AEC8-7D8B2D8F8AD3}.Release|Any CPU.Build.0 = Release|Any CPU
		{274D615C-CBA4-433A-8ACF-BEB7F91C0BFB}.Debug|Any CPU.ActiveCfg = Debug|Any CPU
		{274D615C-CBA4-433A-8ACF-BEB7F91C0BFB}.Debug|Any CPU.Build.0 = Debug|Any CPU
		{274D615C-CBA4-433A-8ACF-BEB7F91C0BFB}.Release|Any CPU.ActiveCfg = Release|Any CPU
		{274D615C-CBA4-433A-8ACF-BEB7F91C0BFB}.Release|Any CPU.Build.0 = Release|Any CPU
		{16172345-7521-43EF-AC7A-CF97194923F7}.Debug|Any CPU.ActiveCfg = Debug|Any CPU
		{16172345-7521-43EF-AC7A-CF97194923F7}.Debug|Any CPU.Build.0 = Debug|Any CPU
		{16172345-7521-43EF-AC7A-CF97194923F7}.Release|Any CPU.ActiveCfg = Release|Any CPU
		{16172345-7521-43EF-AC7A-CF97194923F7}.Release|Any CPU.Build.0 = Release|Any CPU
	EndGlobalSection
	GlobalSection(NestedProjects) = preSolution
		{35B8D797-A513-4728-B89A-97E8325ADEE9} = {C1A78CF8-0507-48EF-BC73-F8A0430F2CCB}
		{04794C66-B588-4613-AEC8-7D8B2D8F8AD3} = {C1A78CF8-0507-48EF-BC73-F8A0430F2CCB}
		{274D615C-CBA4-433A-8ACF-BEB7F91C0BFB} = {C1A78CF8-0507-48EF-BC73-F8A0430F2CCB}
		{16172345-7521-43EF-AC7A-CF97194923F7} = {70141119-94E3-489A-BA83-0A1ECA804F82}
	EndGlobalSection
EndGlobal
